
Microsoft Visual Studio Solution File, Format Version 12.00
# Visual Studio 15
VisualStudioVersion = 15.0.28010.2003
MinimumVisualStudioVersion = 10.0.40219.1
Project("{FAE04EC0-301F-11D3-BF4B-00C04F79EFBC}") = "ClassAndMethod", "ClassAndMethod\ClassAndMethod.csproj", "{49134703-9867-471C-AA23-4BAAA391DC9B}"
EndProject
Global
	GlobalSection(SolutionConfigurationPlatforms) = preSolution
		Debug|Any CPU = Debug|Any CPU
		Release|Any CPU = Release|Any CPU
	EndGlobalSection
	GlobalSection(ProjectConfigurationPlatforms) = postSolution
		{49134703-9867-471C-AA23-4BAAA391DC9B}.Debug|Any CPU.ActiveCfg = Debug|Any CPU
		{49134703-9867-471C-AA23-4BAAA391DC9B}.Debug|Any CPU.Build.0 = Debug|Any CPU
		{49134703-9867-471C-AA23-4BAAA391DC9B}.Release|Any CPU.ActiveCfg = Release|Any CPU
		{49134703-9867-471C-AA23-4BAAA391DC9B}.Release|Any CPU.Build.0 = Release|Any CPU
	EndGlobalSection
	GlobalSection(SolutionProperties) = preSolution
		HideSolutionNode = FALSE
	EndGlobalSection
	GlobalSection(ExtensibilityGlobals) = postSolution
		SolutionGuid = {D28561B8-9E7E-49DF-8C02-ED58F26E7D0A}
	EndGlobalSection
EndGlobal
