
Microsoft Visual Studio Solution File, Format Version 12.00
# Visual Studio 15
VisualStudioVersion = 15.0.28010.0
MinimumVisualStudioVersion = 10.0.40219.1
Project("{FAE04EC0-301F-11D3-BF4B-00C04F79EFBC}") = "CSDrill", "CSDrill\CSDrill.csproj", "{DC2E66CA-21B0-4089-BC48-AB6140E5F9F6}"
EndProject
Global
	GlobalSection(SolutionConfigurationPlatforms) = preSolution
		Debug|Any CPU = Debug|Any CPU
		Release|Any CPU = Release|Any CPU
	EndGlobalSection
	GlobalSection(ProjectConfigurationPlatforms) = postSolution
		{DC2E66CA-21B0-4089-BC48-AB6140E5F9F6}.Debug|Any CPU.ActiveCfg = Debug|Any CPU
		{DC2E66CA-21B0-4089-BC48-AB6140E5F9F6}.Debug|Any CPU.Build.0 = Debug|Any CPU
		{DC2E66CA-21B0-4089-BC48-AB6140E5F9F6}.Release|Any CPU.ActiveCfg = Release|Any CPU
		{DC2E66CA-21B0-4089-BC48-AB6140E5F9F6}.Release|Any CPU.Build.0 = Release|Any CPU
	EndGlobalSection
	GlobalSection(SolutionProperties) = preSolution
		HideSolutionNode = FALSE
	EndGlobalSection
	GlobalSection(ExtensibilityGlobals) = postSolution
		SolutionGuid = {3D265FDF-9800-4228-BAB8-B7F676CB319C}
	EndGlobalSection
EndGlobal
