
Microsoft Visual Studio Solution File, Format Version 12.00
# Visual Studio 15
VisualStudioVersion = 15.0.28010.2003
MinimumVisualStudioVersion = 10.0.40219.1
Project("{FAE04EC0-301F-11D3-BF4B-00C04F79EFBC}") = "ClassAndMethod", "ClassAndMethod\ClassAndMethod.csproj", "{24CFFDE9-8A12-45C9-B979-8CDF0A8FB885}"
EndProject
Global
	GlobalSection(SolutionConfigurationPlatforms) = preSolution
		Debug|Any CPU = Debug|Any CPU
		Release|Any CPU = Release|Any CPU
	EndGlobalSection
	GlobalSection(ProjectConfigurationPlatforms) = postSolution
		{24CFFDE9-8A12-45C9-B979-8CDF0A8FB885}.Debug|Any CPU.ActiveCfg = Debug|Any CPU
		{24CFFDE9-8A12-45C9-B979-8CDF0A8FB885}.Debug|Any CPU.Build.0 = Debug|Any CPU
		{24CFFDE9-8A12-45C9-B979-8CDF0A8FB885}.Release|Any CPU.ActiveCfg = Release|Any CPU
		{24CFFDE9-8A12-45C9-B979-8CDF0A8FB885}.Release|Any CPU.Build.0 = Release|Any CPU
	EndGlobalSection
	GlobalSection(SolutionProperties) = preSolution
		HideSolutionNode = FALSE
	EndGlobalSection
	GlobalSection(ExtensibilityGlobals) = postSolution
		SolutionGuid = {186332D5-162E-49D5-B559-5F5090FB6EE0}
	EndGlobalSection
EndGlobal
