
Microsoft Visual Studio Solution File, Format Version 12.00
# Visual Studio 15
VisualStudioVersion = 15.0.28010.2003
MinimumVisualStudioVersion = 10.0.40219.1
Project("{FAE04EC0-301F-11D3-BF4B-00C04F79EFBC}") = "arraysAndListDrill", "arraysAndListDrill\arraysAndListDrill.csproj", "{DE5F9576-2564-4E38-8FAE-DCF5F876FB36}"
EndProject
Global
	GlobalSection(SolutionConfigurationPlatforms) = preSolution
		Debug|Any CPU = Debug|Any CPU
		Release|Any CPU = Release|Any CPU
	EndGlobalSection
	GlobalSection(ProjectConfigurationPlatforms) = postSolution
		{DE5F9576-2564-4E38-8FAE-DCF5F876FB36}.Debug|Any CPU.ActiveCfg = Debug|Any CPU
		{DE5F9576-2564-4E38-8FAE-DCF5F876FB36}.Debug|Any CPU.Build.0 = Debug|Any CPU
		{DE5F9576-2564-4E38-8FAE-DCF5F876FB36}.Release|Any CPU.ActiveCfg = Release|Any CPU
		{DE5F9576-2564-4E38-8FAE-DCF5F876FB36}.Release|Any CPU.Build.0 = Release|Any CPU
	EndGlobalSection
	GlobalSection(SolutionProperties) = preSolution
		HideSolutionNode = FALSE
	EndGlobalSection
	GlobalSection(ExtensibilityGlobals) = postSolution
		SolutionGuid = {2F1008CD-4837-48DD-AECD-75EBF214C876}
	EndGlobalSection
EndGlobal
